// !$*UTF8*$!
{
	archiveVersion = 1;
	classes = {
	};
	objectVersion = 77;
	objects = {

/* Begin PBXContainerItemProxy section */
		B25961402D750D3400DA4F81 /* PBXContainerItemProxy */ = {
			isa = PBXContainerItemProxy;
			containerPortal = B25961272D750D3100DA4F81 /* Project object */;
			proxyType = 1;
			remoteGlobalIDString = B259612E2D750D3100DA4F81;
			remoteInfo = "wallbox-test";
		};
		B259614A2D750D3400DA4F81 /* PBXContainerItemProxy */ = {
			isa = PBXContainerItemProxy;
			containerPortal = B25961272D750D3100DA4F81 /* Project object */;
			proxyType = 1;
			remoteGlobalIDString = B259612E2D750D3100DA4F81;
			remoteInfo = "wallbox-test";
		};
/* End PBXContainerItemProxy section */

/* Begin PBXFileReference section */
		B259612F2D750D3100DA4F81 /* wallbox-test.app */ = {isa = PBXFileReference; explicitFileType = wrapper.application; includeInIndex = 0; path = "wallbox-test.app"; sourceTree = BUILT_PRODUCTS_DIR; };
		B259613F2D750D3400DA4F81 /* wallbox-testTests.xctest */ = {isa = PBXFileReference; explicitFileType = wrapper.cfbundle; includeInIndex = 0; path = "wallbox-testTests.xctest"; sourceTree = BUILT_PRODUCTS_DIR; };
		B25961492D750D3400DA4F81 /* wallbox-testUITests.xctest */ = {isa = PBXFileReference; explicitFileType = wrapper.cfbundle; includeInIndex = 0; path = "wallbox-testUITests.xctest"; sourceTree = BUILT_PRODUCTS_DIR; };
/* End PBXFileReference section */

/* Begin PBXFileSystemSynchronizedBuildFileExceptionSet section */
		B25961A02D7689E200DA4F81 /* Exceptions for "wallbox-test" folder in "wallbox-testTests" target */ = {
			isa = PBXFileSystemSynchronizedBuildFileExceptionSet;
			membershipExceptions = (
				"Support Files/historic_data.json",
				"Support Files/live_data.json",
			);
			target = B259613E2D750D3400DA4F81 /* wallbox-testTests */;
		};
		B25961A12D7689E200DA4F81 /* Exceptions for "wallbox-test" folder in "wallbox-testUITests" target */ = {
			isa = PBXFileSystemSynchronizedBuildFileExceptionSet;
			membershipExceptions = (
				"Support Files/historic_data.json",
				"Support Files/live_data.json",
			);
			target = B25961482D750D3400DA4F81 /* wallbox-testUITests */;
		};
/* End PBXFileSystemSynchronizedBuildFileExceptionSet section */

/* Begin PBXFileSystemSynchronizedRootGroup section */
		B25961312D750D3100DA4F81 /* wallbox-test */ = {
			isa = PBXFileSystemSynchronizedRootGroup;
			exceptions = (
				B25961A02D7689E200DA4F81 /* Exceptions for "wallbox-test" folder in "wallbox-testTests" target */,
				B25961A12D7689E200DA4F81 /* Exceptions for "wallbox-test" folder in "wallbox-testUITests" target */,
			);
			path = "wallbox-test";
			sourceTree = "<group>";
		};
		B25961422D750D3400DA4F81 /* wallbox-testTests */ = {
			isa = PBXFileSystemSynchronizedRootGroup;
			path = "wallbox-testTests";
			sourceTree = "<group>";
		};
		B259614C2D750D3400DA4F81 /* wallbox-testUITests */ = {
			isa = PBXFileSystemSynchronizedRootGroup;
			path = "wallbox-testUITests";
			sourceTree = "<group>";
		};
/* End PBXFileSystemSynchronizedRootGroup section */

/* Begin PBXFrameworksBuildPhase section */
		B259612C2D750D3100DA4F81 /* Frameworks */ = {
			isa = PBXFrameworksBuildPhase;
			buildActionMask = 2147483647;
			files = (
			);
			runOnlyForDeploymentPostprocessing = 0;
		};
		B259613C2D750D3400DA4F81 /* Frameworks */ = {
			isa = PBXFrameworksBuildPhase;
			buildActionMask = 2147483647;
			files = (
			);
			runOnlyForDeploymentPostprocessing = 0;
		};
		B25961462D750D3400DA4F81 /* Frameworks */ = {
			isa = PBXFrameworksBuildPhase;
			buildActionMask = 2147483647;
			files = (
			);
			runOnlyForDeploymentPostprocessing = 0;
		};
/* End PBXFrameworksBuildPhase section */

/* Begin PBXGroup section */
		B25961262D750D3100DA4F81 = {
			isa = PBXGroup;
			children = (
				B25961312D750D3100DA4F81 /* wallbox-test */,
				B25961422D750D3400DA4F81 /* wallbox-testTests */,
				B259614C2D750D3400DA4F81 /* wallbox-testUITests */,
				B25961302D750D3100DA4F81 /* Products */,
			);
			sourceTree = "<group>";
		};
		B25961302D750D3100DA4F81 /* Products */ = {
			isa = PBXGroup;
			children = (
				B259612F2D750D3100DA4F81 /* wallbox-test.app */,
				B259613F2D750D3400DA4F81 /* wallbox-testTests.xctest */,
				B25961492D750D3400DA4F81 /* wallbox-testUITests.xctest */,
			);
			name = Products;
			sourceTree = "<group>";
		};
/* End PBXGroup section */

/* Begin PBXNativeTarget section */
		B259612E2D750D3100DA4F81 /* wallbox-test */ = {
			isa = PBXNativeTarget;
			buildConfigurationList = B25961532D750D3400DA4F81 /* Build configuration list for PBXNativeTarget "wallbox-test" */;
			buildPhases = (
				B259612B2D750D3100DA4F81 /* Sources */,
				B259612C2D750D3100DA4F81 /* Frameworks */,
				B259612D2D750D3100DA4F81 /* Resources */,
			);
			buildRules = (
			);
			dependencies = (
			);
			fileSystemSynchronizedGroups = (
				B25961312D750D3100DA4F81 /* wallbox-test */,
			);
			name = "wallbox-test";
			packageProductDependencies = (
			);
			productName = "wallbox-test";
			productReference = B259612F2D750D3100DA4F81 /* wallbox-test.app */;
			productType = "com.apple.product-type.application";
		};
		B259613E2D750D3400DA4F81 /* wallbox-testTests */ = {
			isa = PBXNativeTarget;
			buildConfigurationList = B25961562D750D3400DA4F81 /* Build configuration list for PBXNativeTarget "wallbox-testTests" */;
			buildPhases = (
				B259613B2D750D3400DA4F81 /* Sources */,
				B259613C2D750D3400DA4F81 /* Frameworks */,
				B259613D2D750D3400DA4F81 /* Resources */,
			);
			buildRules = (
			);
			dependencies = (
				B25961412D750D3400DA4F81 /* PBXTargetDependency */,
			);
			fileSystemSynchronizedGroups = (
				B25961422D750D3400DA4F81 /* wallbox-testTests */,
			);
			name = "wallbox-testTests";
			packageProductDependencies = (
			);
			productName = "wallbox-testTests";
			productReference = B259613F2D750D3400DA4F81 /* wallbox-testTests.xctest */;
			productType = "com.apple.product-type.bundle.unit-test";
		};
		B25961482D750D3400DA4F81 /* wallbox-testUITests */ = {
			isa = PBXNativeTarget;
			buildConfigurationList = B25961592D750D3400DA4F81 /* Build configuration list for PBXNativeTarget "wallbox-testUITests" */;
			buildPhases = (
				B25961452D750D3400DA4F81 /* Sources */,
				B25961462D750D3400DA4F81 /* Frameworks */,
				B25961472D750D3400DA4F81 /* Resources */,
			);
			buildRules = (
			);
			dependencies = (
				B259614B2D750D3400DA4F81 /* PBXTargetDependency */,
			);
			fileSystemSynchronizedGroups = (
				B259614C2D750D3400DA4F81 /* wallbox-testUITests */,
			);
			name = "wallbox-testUITests";
			packageProductDependencies = (
			);
			productName = "wallbox-testUITests";
			productReference = B25961492D750D3400DA4F81 /* wallbox-testUITests.xctest */;
			productType = "com.apple.product-type.bundle.ui-testing";
		};
/* End PBXNativeTarget section */

/* Begin PBXProject section */
		B25961272D750D3100DA4F81 /* Project object */ = {
			isa = PBXProject;
			attributes = {
				BuildIndependentTargetsInParallel = 1;
				LastSwiftUpdateCheck = 1620;
				LastUpgradeCheck = 1620;
				TargetAttributes = {
					B259612E2D750D3100DA4F81 = {
						CreatedOnToolsVersion = 16.2;
					};
					B259613E2D750D3400DA4F81 = {
						CreatedOnToolsVersion = 16.2;
						TestTargetID = B259612E2D750D3100DA4F81;
					};
					B25961482D750D3400DA4F81 = {
						CreatedOnToolsVersion = 16.2;
						TestTargetID = B259612E2D750D3100DA4F81;
					};
				};
			};
			buildConfigurationList = B259612A2D750D3100DA4F81 /* Build configuration list for PBXProject "wallbox-test" */;
			developmentRegion = en;
			hasScannedForEncodings = 0;
			knownRegions = (
				en,
				Base,
			);
			mainGroup = B25961262D750D3100DA4F81;
			minimizedProjectReferenceProxies = 1;
			preferredProjectObjectVersion = 77;
			productRefGroup = B25961302D750D3100DA4F81 /* Products */;
			projectDirPath = "";
			projectRoot = "";
			targets = (
				B259612E2D750D3100DA4F81 /* wallbox-test */,
				B259613E2D750D3400DA4F81 /* wallbox-testTests */,
				B25961482D750D3400DA4F81 /* wallbox-testUITests */,
			);
		};
/* End PBXProject section */

/* Begin PBXResourcesBuildPhase section */
		B259612D2D750D3100DA4F81 /* Resources */ = {
			isa = PBXResourcesBuildPhase;
			buildActionMask = 2147483647;
			files = (
			);
			runOnlyForDeploymentPostprocessing = 0;
		};
		B259613D2D750D3400DA4F81 /* Resources */ = {
			isa = PBXResourcesBuildPhase;
			buildActionMask = 2147483647;
			files = (
			);
			runOnlyForDeploymentPostprocessing = 0;
		};
		B25961472D750D3400DA4F81 /* Resources */ = {
			isa = PBXResourcesBuildPhase;
			buildActionMask = 2147483647;
			files = (
			);
			runOnlyForDeploymentPostprocessing = 0;
		};
/* End PBXResourcesBuildPhase section */

/* Begin PBXSourcesBuildPhase section */
		B259612B2D750D3100DA4F81 /* Sources */ = {
			isa = PBXSourcesBuildPhase;
			buildActionMask = 2147483647;
			files = (
			);
			runOnlyForDeploymentPostprocessing = 0;
		};
		B259613B2D750D3400DA4F81 /* Sources */ = {
			isa = PBXSourcesBuildPhase;
			buildActionMask = 2147483647;
			files = (
			);
			runOnlyForDeploymentPostprocessing = 0;
		};
		B25961452D750D3400DA4F81 /* Sources */ = {
			isa = PBXSourcesBuildPhase;
			buildActionMask = 2147483647;
			files = (
			);
			runOnlyForDeploymentPostprocessing = 0;
		};
/* End PBXSourcesBuildPhase section */

/* Begin PBXTargetDependency section */
		B25961412D750D3400DA4F81 /* PBXTargetDependency */ = {
			isa = PBXTargetDependency;
			target = B259612E2D750D3100DA4F81 /* wallbox-test */;
			targetProxy = B25961402D750D3400DA4F81 /* PBXContainerItemProxy */;
		};
		B259614B2D750D3400DA4F81 /* PBXTargetDependency */ = {
			isa = PBXTargetDependency;
			target = B259612E2D750D3100DA4F81 /* wallbox-test */;
			targetProxy = B259614A2D750D3400DA4F81 /* PBXContainerItemProxy */;
		};
/* End PBXTargetDependency section */

/* Begin XCBuildConfiguration section */
		B25961512D750D3400DA4F81 /* Debug */ = {
			isa = XCBuildConfiguration;
			buildSettings = {
				ALWAYS_SEARCH_USER_PATHS = NO;
				ASSETCATALOG_COMPILER_GENERATE_SWIFT_ASSET_SYMBOL_EXTENSIONS = YES;
				CLANG_ANALYZER_NONNULL = YES;
				CLANG_ANALYZER_NUMBER_OBJECT_CONVERSION = YES_AGGRESSIVE;
				CLANG_CXX_LANGUAGE_STANDARD = "gnu++20";
				CLANG_ENABLE_MODULES = YES;
				CLANG_ENABLE_OBJC_ARC = YES;
				CLANG_ENABLE_OBJC_WEAK = YES;
				CLANG_WARN_BLOCK_CAPTURE_AUTORELEASING = YES;
				CLANG_WARN_BOOL_CONVERSION = YES;
				CLANG_WARN_COMMA = YES;
				CLANG_WARN_CONSTANT_CONVERSION = YES;
				CLANG_WARN_DEPRECATED_OBJC_IMPLEMENTATIONS = YES;
				CLANG_WARN_DIRECT_OBJC_ISA_USAGE = YES_ERROR;
				CLANG_WARN_DOCUMENTATION_COMMENTS = YES;
				CLANG_WARN_EMPTY_BODY = YES;
				CLANG_WARN_ENUM_CONVERSION = YES;
				CLANG_WARN_INFINITE_RECURSION = YES;
				CLANG_WARN_INT_CONVERSION = YES;
				CLANG_WARN_NON_LITERAL_NULL_CONVERSION = YES;
				CLANG_WARN_OBJC_IMPLICIT_RETAIN_SELF = YES;
				CLANG_WARN_OBJC_LITERAL_CONVERSION = YES;
				CLANG_WARN_OBJC_ROOT_CLASS = YES_ERROR;
				CLANG_WARN_QUOTED_INCLUDE_IN_FRAMEWORK_HEADER = YES;
				CLANG_WARN_RANGE_LOOP_ANALYSIS = YES;
				CLANG_WARN_STRICT_PROTOTYPES = YES;
				CLANG_WARN_SUSPICIOUS_MOVE = YES;
				CLANG_WARN_UNGUARDED_AVAILABILITY = YES_AGGRESSIVE;
				CLANG_WARN_UNREACHABLE_CODE = YES;
				CLANG_WARN__DUPLICATE_METHOD_MATCH = YES;
				COPY_PHASE_STRIP = NO;
				DEBUG_INFORMATION_FORMAT = dwarf;
				ENABLE_STRICT_OBJC_MSGSEND = YES;
				ENABLE_TESTABILITY = YES;
				ENABLE_USER_SCRIPT_SANDBOXING = YES;
				GCC_C_LANGUAGE_STANDARD = gnu17;
				GCC_DYNAMIC_NO_PIC = NO;
				GCC_NO_COMMON_BLOCKS = YES;
				GCC_OPTIMIZATION_LEVEL = 0;
				GCC_PREPROCESSOR_DEFINITIONS = (
					"DEBUG=1",
					"$(inherited)",
				);
				GCC_WARN_64_TO_32_BIT_CONVERSION = YES;
				GCC_WARN_ABOUT_RETURN_TYPE = YES_ERROR;
				GCC_WARN_UNDECLARED_SELECTOR = YES;
				GCC_WARN_UNINITIALIZED_AUTOS = YES_AGGRESSIVE;
				GCC_WARN_UNUSED_FUNCTION = YES;
				GCC_WARN_UNUSED_VARIABLE = YES;
				IPHONEOS_DEPLOYMENT_TARGET = 18.2;
				LOCALIZATION_PREFERS_STRING_CATALOGS = YES;
				MTL_ENABLE_DEBUG_INFO = INCLUDE_SOURCE;
				MTL_FAST_MATH = YES;
				ONLY_ACTIVE_ARCH = YES;
				SDKROOT = iphoneos;
				SWIFT_ACTIVE_COMPILATION_CONDITIONS = "DEBUG $(inherited)";
				SWIFT_OPTIMIZATION_LEVEL = "-Onone";
			};
			name = Debug;
		};
		B25961522D750D3400DA4F81 /* Release */ = {
			isa = XCBuildConfiguration;
			buildSettings = {
				ALWAYS_SEARCH_USER_PATHS = NO;
				ASSETCATALOG_COMPILER_GENERATE_SWIFT_ASSET_SYMBOL_EXTENSIONS = YES;
				CLANG_ANALYZER_NONNULL = YES;
				CLANG_ANALYZER_NUMBER_OBJECT_CONVERSION = YES_AGGRESSIVE;
				CLANG_CXX_LANGUAGE_STANDARD = "gnu++20";
				CLANG_ENABLE_MODULES = YES;
				CLANG_ENABLE_OBJC_ARC = YES;
				CLANG_ENABLE_OBJC_WEAK = YES;
				CLANG_WARN_BLOCK_CAPTURE_AUTORELEASING = YES;
				CLANG_WARN_BOOL_CONVERSION = YES;
				CLANG_WARN_COMMA = YES;
				CLANG_WARN_CONSTANT_CONVERSION = YES;
				CLANG_WARN_DEPRECATED_OBJC_IMPLEMENTATIONS = YES;
				CLANG_WARN_DIRECT_OBJC_ISA_USAGE = YES_ERROR;
				CLANG_WARN_DOCUMENTATION_COMMENTS = YES;
				CLANG_WARN_EMPTY_BODY = YES;
				CLANG_WARN_ENUM_CONVERSION = YES;
				CLANG_WARN_INFINITE_RECURSION = YES;
				CLANG_WARN_INT_CONVERSION = YES;
				CLANG_WARN_NON_LITERAL_NULL_CONVERSION = YES;
				CLANG_WARN_OBJC_IMPLICIT_RETAIN_SELF = YES;
				CLANG_WARN_OBJC_LITERAL_CONVERSION = YES;
				CLANG_WARN_OBJC_ROOT_CLASS = YES_ERROR;
				CLANG_WARN_QUOTED_INCLUDE_IN_FRAMEWORK_HEADER = YES;
				CLANG_WARN_RANGE_LOOP_ANALYSIS = YES;
				CLANG_WARN_STRICT_PROTOTYPES = YES;
				CLANG_WARN_SUSPICIOUS_MOVE = YES;
				CLANG_WARN_UNGUARDED_AVAILABILITY = YES_AGGRESSIVE;
				CLANG_WARN_UNREACHABLE_CODE = YES;
				CLANG_WARN__DUPLICATE_METHOD_MATCH = YES;
				COPY_PHASE_STRIP = NO;
				DEBUG_INFORMATION_FORMAT = "dwarf-with-dsym";
				ENABLE_NS_ASSERTIONS = NO;
				ENABLE_STRICT_OBJC_MSGSEND = YES;
				ENABLE_USER_SCRIPT_SANDBOXING = YES;
				GCC_C_LANGUAGE_STANDARD = gnu17;
				GCC_NO_COMMON_BLOCKS = YES;
				GCC_WARN_64_TO_32_BIT_CONVERSION = YES;
				GCC_WARN_ABOUT_RETURN_TYPE = YES_ERROR;
				GCC_WARN_UNDECLARED_SELECTOR = YES;
				GCC_WARN_UNINITIALIZED_AUTOS = YES_AGGRESSIVE;
				GCC_WARN_UNUSED_FUNCTION = YES;
				GCC_WARN_UNUSED_VARIABLE = YES;
				IPHONEOS_DEPLOYMENT_TARGET = 18.2;
				LOCALIZATION_PREFERS_STRING_CATALOGS = YES;
				MTL_ENABLE_DEBUG_INFO = NO;
				MTL_FAST_MATH = YES;
				SDKROOT = iphoneos;
				SWIFT_COMPILATION_MODE = wholemodule;
				VALIDATE_PRODUCT = YES;
			};
			name = Release;
		};
		B25961542D750D3400DA4F81 /* Debug */ = {
			isa = XCBuildConfiguration;
			buildSettings = {
				ASSETCATALOG_COMPILER_APPICON_NAME = AppIcon;
				ASSETCATALOG_COMPILER_GLOBAL_ACCENT_COLOR_NAME = AccentColor;
				CODE_SIGN_STYLE = Automatic;
				CURRENT_PROJECT_VERSION = 1;
				DEVELOPMENT_ASSET_PATHS = "\"wallbox-test/Preview Content\"";
				DEVELOPMENT_TEAM = 659BS34BLS;
				ENABLE_PREVIEWS = YES;
				GENERATE_INFOPLIST_FILE = YES;
				INFOPLIST_KEY_UIApplicationSceneManifest_Generation = YES;
				INFOPLIST_KEY_UIApplicationSupportsIndirectInputEvents = YES;
				INFOPLIST_KEY_UILaunchScreen_Generation = YES;
				INFOPLIST_KEY_UISupportedInterfaceOrientations_iPad = "UIInterfaceOrientationPortrait UIInterfaceOrientationPortraitUpsideDown UIInterfaceOrientationLandscapeLeft UIInterfaceOrientationLandscapeRight";
				INFOPLIST_KEY_UISupportedInterfaceOrientations_iPhone = "UIInterfaceOrientationPortrait UIInterfaceOrientationLandscapeLeft UIInterfaceOrientationLandscapeRight";
				LD_RUNPATH_SEARCH_PATHS = (
					"$(inherited)",
					"@executable_path/Frameworks",
				);
				MARKETING_VERSION = 1.0;
				PRODUCT_BUNDLE_IDENTIFIER = "ar.com.carlassare.wallbox-test";
				PRODUCT_NAME = "$(TARGET_NAME)";
				SWIFT_EMIT_LOC_STRINGS = YES;
				SWIFT_VERSION = 5.0;
				TARGETED_DEVICE_FAMILY = "1,2";
			};
			name = Debug;
		};
		B25961552D750D3400DA4F81 /* Release */ = {
			isa = XCBuildConfiguration;
			buildSettings = {
				ASSETCATALOG_COMPILER_APPICON_NAME = AppIcon;
				ASSETCATALOG_COMPILER_GLOBAL_ACCENT_COLOR_NAME = AccentColor;
				CODE_SIGN_STYLE = Automatic;
				CURRENT_PROJECT_VERSION = 1;
				DEVELOPMENT_ASSET_PATHS = "\"wallbox-test/Preview Content\"";
				DEVELOPMENT_TEAM = 659BS34BLS;
				ENABLE_PREVIEWS = YES;
				GENERATE_INFOPLIST_FILE = YES;
				INFOPLIST_KEY_UIApplicationSceneManifest_Generation = YES;
				INFOPLIST_KEY_UIApplicationSupportsIndirectInputEvents = YES;
				INFOPLIST_KEY_UILaunchScreen_Generation = YES;
				INFOPLIST_KEY_UISupportedInterfaceOrientations_iPad = "UIInterfaceOrientationPortrait UIInterfaceOrientationPortraitUpsideDown UIInterfaceOrientationLandscapeLeft UIInterfaceOrientationLandscapeRight";
				INFOPLIST_KEY_UISupportedInterfaceOrientations_iPhone = "UIInterfaceOrientationPortrait UIInterfaceOrientationLandscapeLeft UIInterfaceOrientationLandscapeRight";
				LD_RUNPATH_SEARCH_PATHS = (
					"$(inherited)",
					"@executable_path/Frameworks",
				);
				MARKETING_VERSION = 1.0;
				PRODUCT_BUNDLE_IDENTIFIER = "ar.com.carlassare.wallbox-test";
				PRODUCT_NAME = "$(TARGET_NAME)";
				SWIFT_EMIT_LOC_STRINGS = YES;
				SWIFT_VERSION = 5.0;
				TARGETED_DEVICE_FAMILY = "1,2";
			};
			name = Release;
		};
		B25961572D750D3400DA4F81 /* Debug */ = {
			isa = XCBuildConfiguration;
			buildSettings = {
				BUNDLE_LOADER = "$(TEST_HOST)";
				CODE_SIGN_STYLE = Automatic;
				CURRENT_PROJECT_VERSION = 1;
				DEVELOPMENT_TEAM = 659BS34BLS;
				GENERATE_INFOPLIST_FILE = YES;
				IPHONEOS_DEPLOYMENT_TARGET = 18.2;
				MARKETING_VERSION = 1.0;
				PRODUCT_BUNDLE_IDENTIFIER = "ar.com.carlassare.wallbox-testTests";
				PRODUCT_NAME = "$(TARGET_NAME)";
				SWIFT_EMIT_LOC_STRINGS = NO;
				SWIFT_VERSION = 5.0;
				TARGETED_DEVICE_FAMILY = "1,2";
				TEST_HOST = "$(BUILT_PRODUCTS_DIR)/wallbox-test.app/$(BUNDLE_EXECUTABLE_FOLDER_PATH)/wallbox-test";
			};
			name = Debug;
		};
		B25961582D750D3400DA4F81 /* Release */ = {
			isa = XCBuildConfiguration;
			buildSettings = {
				BUNDLE_LOADER = "$(TEST_HOST)";
				CODE_SIGN_STYLE = Automatic;
				CURRENT_PROJECT_VERSION = 1;
				DEVELOPMENT_TEAM = 659BS34BLS;
				GENERATE_INFOPLIST_FILE = YES;
				IPHONEOS_DEPLOYMENT_TARGET = 18.2;
				MARKETING_VERSION = 1.0;
				PRODUCT_BUNDLE_IDENTIFIER = "ar.com.carlassare.wallbox-testTests";
				PRODUCT_NAME = "$(TARGET_NAME)";
				SWIFT_EMIT_LOC_STRINGS = NO;
				SWIFT_VERSION = 5.0;
				TARGETED_DEVICE_FAMILY = "1,2";
				TEST_HOST = "$(BUILT_PRODUCTS_DIR)/wallbox-test.app/$(BUNDLE_EXECUTABLE_FOLDER_PATH)/wallbox-test";
			};
			name = Release;
		};
		B259615A2D750D3400DA4F81 /* Debug */ = {
			isa = XCBuildConfiguration;
			buildSettings = {
				CODE_SIGN_STYLE = Automatic;
				CURRENT_PROJECT_VERSION = 1;
				DEVELOPMENT_TEAM = 659BS34BLS;
				GENERATE_INFOPLIST_FILE = YES;
				MARKETING_VERSION = 1.0;
				PRODUCT_BUNDLE_IDENTIFIER = "ar.com.carlassare.wallbox-testUITests";
				PRODUCT_NAME = "$(TARGET_NAME)";
				SWIFT_EMIT_LOC_STRINGS = NO;
				SWIFT_VERSION = 5.0;
				TARGETED_DEVICE_FAMILY = "1,2";
				TEST_TARGET_NAME = "wallbox-test";
			};
			name = Debug;
		};
		B259615B2D750D3400DA4F81 /* Release */ = {
			isa = XCBuildConfiguration;
			buildSettings = {
				CODE_SIGN_STYLE = Automatic;
				CURRENT_PROJECT_VERSION = 1;
				DEVELOPMENT_TEAM = 659BS34BLS;
				GENERATE_INFOPLIST_FILE = YES;
				MARKETING_VERSION = 1.0;
				PRODUCT_BUNDLE_IDENTIFIER = "ar.com.carlassare.wallbox-testUITests";
				PRODUCT_NAME = "$(TARGET_NAME)";
				SWIFT_EMIT_LOC_STRINGS = NO;
				SWIFT_VERSION = 5.0;
				TARGETED_DEVICE_FAMILY = "1,2";
				TEST_TARGET_NAME = "wallbox-test";
			};
			name = Release;
		};
/* End XCBuildConfiguration section */

/* Begin XCConfigurationList section */
		B259612A2D750D3100DA4F81 /* Build configuration list for PBXProject "wallbox-test" */ = {
			isa = XCConfigurationList;
			buildConfigurations = (
				B25961512D750D3400DA4F81 /* Debug */,
				B25961522D750D3400DA4F81 /* Release */,
			);
			defaultConfigurationIsVisible = 0;
			defaultConfigurationName = Release;
		};
		B25961532D750D3400DA4F81 /* Build configuration list for PBXNativeTarget "wallbox-test" */ = {
			isa = XCConfigurationList;
			buildConfigurations = (
				B25961542D750D3400DA4F81 /* Debug */,
				B25961552D750D3400DA4F81 /* Release */,
			);
			defaultConfigurationIsVisible = 0;
			defaultConfigurationName = Release;
		};
		B25961562D750D3400DA4F81 /* Build configuration list for PBXNativeTarget "wallbox-testTests" */ = {
			isa = XCConfigurationList;
			buildConfigurations = (
				B25961572D750D3400DA4F81 /* Debug */,
				B25961582D750D3400DA4F81 /* Release */,
			);
			defaultConfigurationIsVisible = 0;
			defaultConfigurationName = Release;
		};
		B25961592D750D3400DA4F81 /* Build configuration list for PBXNativeTarget "wallbox-testUITests" */ = {
			isa = XCConfigurationList;
			buildConfigurations = (
				B259615A2D750D3400DA4F81 /* Debug */,
				B259615B2D750D3400DA4F81 /* Release */,
			);
			defaultConfigurationIsVisible = 0;
			defaultConfigurationName = Release;
		};
/* End XCConfigurationList section */
	};
	rootObject = B25961272D750D3100DA4F81 /* Project object */;
}
